# This file is automatically @generated by Cargo.
# It is not intended for manual editing.
[[package]]
name = "hmac-sha256"
version = "0.1.1"
source = "registry+https://github.com/rust-lang/crates.io-index"

[[package]]
name = "ngr"
version = "0.1.0"
dependencies = [
 "hmac-sha256 0.1.1 (registry+https://github.com/rust-lang/crates.io-index)",
]

[metadata]
"checksum hmac-sha256 0.1.1 (registry+https://github.com/rust-lang/crates.io-index)" = "ca99047b65c78ab7e092993f7f0faf7c5cd2a71a12a6f1ae70f8ae1001138e62"
